// !$*UTF8*$!
{
	archiveVersion = 1;
	classes = {
	};
	objectVersion = 46;
	objects = {

/* Begin PBXBuildFile section */
		735845B41EDF2A7C0040E9CF /* AppDelegate.swift in Sources */ = {isa = PBXBuildFile; fileRef = 735845B31EDF2A7C0040E9CF /* AppDelegate.swift */; };
		735845B91EDF2A7C0040E9CF /* Main.storyboard in Resources */ = {isa = PBXBuildFile; fileRef = 735845B71EDF2A7C0040E9CF /* Main.storyboard */; };
		735845BB1EDF2A7C0040E9CF /* Assets.xcassets in Resources */ = {isa = PBXBuildFile; fileRef = 735845BA1EDF2A7C0040E9CF /* Assets.xcassets */; };
		735845BE1EDF2A7C0040E9CF /* LaunchScreen.storyboard in Resources */ = {isa = PBXBuildFile; fileRef = 735845BC1EDF2A7C0040E9CF /* LaunchScreen.storyboard */; };
		735845C81EDF2B600040E9CF /* myController.swift in Sources */ = {isa = PBXBuildFile; fileRef = 735845C71EDF2B600040E9CF /* myController.swift */; };
		735845CA1EDF2E9B0040E9CF /* collectionViewCell.swift in Sources */ = {isa = PBXBuildFile; fileRef = 735845C91EDF2E9B0040E9CF /* collectionViewCell.swift */; };
/* End PBXBuildFile section */

/* Begin PBXFileReference section */
		735845B01EDF2A7C0040E9CF /* CollectionView.app */ = {isa = PBXFileReference; explicitFileType = wrapper.application; includeInIndex = 0; path = CollectionView.app; sourceTree = BUILT_PRODUCTS_DIR; };
		735845B31EDF2A7C0040E9CF /* AppDelegate.swift */ = {isa = PBXFileReference; lastKnownFileType = sourcecode.swift; path = AppDelegate.swift; sourceTree = "<group>"; };
		735845B81EDF2A7C0040E9CF /* Base */ = {isa = PBXFileReference; lastKnownFileType = file.storyboard; name = Base; path = Base.lproj/Main.storyboard; sourceTree = "<group>"; };
		735845BA1EDF2A7C0040E9CF /* Assets.xcassets */ = {isa = PBXFileReference; lastKnownFileType = folder.assetcatalog; path = Assets.xcassets; sourceTree = "<group>"; };
		735845BD1EDF2A7C0040E9CF /* Base */ = {isa = PBXFileReference; lastKnownFileType = file.storyboard; name = Base; path = Base.lproj/LaunchScreen.storyboard; sourceTree = "<group>"; };
		735845BF1EDF2A7C0040E9CF /* Info.plist */ = {isa = PBXFileReference; lastKnownFileType = text.plist.xml; path = Info.plist; sourceTree = "<group>"; };
		735845C71EDF2B600040E9CF /* myController.swift */ = {isa = PBXFileReference; fileEncoding = 4; lastKnownFileType = sourcecode.swift; path = myController.swift; sourceTree = "<group>"; };
		735845C91EDF2E9B0040E9CF /* collectionViewCell.swift */ = {isa = PBXFileReference; fileEncoding = 4; lastKnownFileType = sourcecode.swift; path = collectionViewCell.swift; sourceTree = "<group>"; };
/* End PBXFileReference section */

/* Begin PBXFrameworksBuildPhase section */
		735845AD1EDF2A7C0040E9CF /* Frameworks */ = {
			isa = PBXFrameworksBuildPhase;
			buildActionMask = 2147483647;
			files = (
			);
			runOnlyForDeploymentPostprocessing = 0;
		};
/* End PBXFrameworksBuildPhase section */

/* Begin PBXGroup section */
		735845A71EDF2A7C0040E9CF = {
			isa = PBXGroup;
			children = (
				735845B21EDF2A7C0040E9CF /* CollectionView */,
				735845B11EDF2A7C0040E9CF /* Products */,
			);
			sourceTree = "<group>";
		};
		735845B11EDF2A7C0040E9CF /* Products */ = {
			isa = PBXGroup;
			children = (
				735845B01EDF2A7C0040E9CF /* CollectionView.app */,
			);
			name = Products;
			sourceTree = "<group>";
		};
		735845B21EDF2A7C0040E9CF /* CollectionView */ = {
			isa = PBXGroup;
			children = (
				735845B31EDF2A7C0040E9CF /* AppDelegate.swift */,
				735845B71EDF2A7C0040E9CF /* Main.storyboard */,
				735845BA1EDF2A7C0040E9CF /* Assets.xcassets */,
				735845BC1EDF2A7C0040E9CF /* LaunchScreen.storyboard */,
				735845BF1EDF2A7C0040E9CF /* Info.plist */,
				735845C71EDF2B600040E9CF /* myController.swift */,
				735845C91EDF2E9B0040E9CF /* collectionViewCell.swift */,
			);
			path = CollectionView;
			sourceTree = "<group>";
		};
/* End PBXGroup section */

/* Begin PBXNativeTarget section */
		735845AF1EDF2A7C0040E9CF /* CollectionView */ = {
			isa = PBXNativeTarget;
			buildConfigurationList = 735845C21EDF2A7C0040E9CF /* Build configuration list for PBXNativeTarget "CollectionView" */;
			buildPhases = (
				735845AC1EDF2A7C0040E9CF /* Sources */,
				735845AD1EDF2A7C0040E9CF /* Frameworks */,
				735845AE1EDF2A7C0040E9CF /* Resources */,
			);
			buildRules = (
			);
			dependencies = (
			);
			name = CollectionView;
			productName = CollectionView;
			productReference = 735845B01EDF2A7C0040E9CF /* CollectionView.app */;
			productType = "com.apple.product-type.application";
		};
/* End PBXNativeTarget section */

/* Begin PBXProject section */
		735845A81EDF2A7C0040E9CF /* Project object */ = {
			isa = PBXProject;
			attributes = {
				LastSwiftUpdateCheck = 0830;
				LastUpgradeCheck = 0830;
				ORGANIZATIONNAME = "UG Lemondo";
				TargetAttributes = {
					735845AF1EDF2A7C0040E9CF = {
						CreatedOnToolsVersion = 8.3.2;
						ProvisioningStyle = Automatic;
					};
				};
			};
			buildConfigurationList = 735845AB1EDF2A7C0040E9CF /* Build configuration list for PBXProject "CollectionView" */;
			compatibilityVersion = "Xcode 3.2";
			developmentRegion = English;
			hasScannedForEncodings = 0;
			knownRegions = (
				en,
				Base,
			);
			mainGroup = 735845A71EDF2A7C0040E9CF;
			productRefGroup = 735845B11EDF2A7C0040E9CF /* Products */;
			projectDirPath = "";
			projectRoot = "";
			targets = (
				735845AF1EDF2A7C0040E9CF /* CollectionView */,
			);
		};
/* End PBXProject section */

/* Begin PBXResourcesBuildPhase section */
		735845AE1EDF2A7C0040E9CF /* Resources */ = {
			isa = PBXResourcesBuildPhase;
			buildActionMask = 2147483647;
			files = (
				735845BE1EDF2A7C0040E9CF /* LaunchScreen.storyboard in Resources */,
				735845BB1EDF2A7C0040E9CF /* Assets.xcassets in Resources */,
				735845B91EDF2A7C0040E9CF /* Main.storyboard in Resources */,
			);
			runOnlyForDeploymentPostprocessing = 0;
		};
/* End PBXResourcesBuildPhase section */

/* Begin PBXSourcesBuildPhase section */
		735845AC1EDF2A7C0040E9CF /* Sources */ = {
			isa = PBXSourcesBuildPhase;
			buildActionMask = 2147483647;
			files = (
				735845B41EDF2A7C0040E9CF /* AppDelegate.swift in Sources */,
				735845CA1EDF2E9B0040E9CF /* collectionViewCell.swift in Sources */,
				735845C81EDF2B600040E9CF /* myController.swift in Sources */,
			);
			runOnlyForDeploymentPostprocessing = 0;
		};
/* End PBXSourcesBuildPhase section */

/* Begin PBXVariantGroup section */
		735845B71EDF2A7C0040E9CF /* Main.storyboard */ = {
			isa = PBXVariantGroup;
			children = (
				735845B81EDF2A7C0040E9CF /* Base */,
			);
			name = Main.storyboard;
			sourceTree = "<group>";
		};
		735845BC1EDF2A7C0040E9CF /* LaunchScreen.storyboard */ = {
			isa = PBXVariantGroup;
			children = (
				735845BD1EDF2A7C0040E9CF /* Base */,
			);
			name = LaunchScreen.storyboard;
			sourceTree = "<group>";
		};
/* End PBXVariantGroup section */

/* Begin XCBuildConfiguration section */
		735845C01EDF2A7C0040E9CF /* Debug */ = {
			isa = XCBuildConfiguration;
			buildSettings = {
				ALWAYS_SEARCH_USER_PATHS = NO;
				CLANG_ANALYZER_NONNULL = YES;
				CLANG_ANALYZER_NUMBER_OBJECT_CONVERSION = YES_AGGRESSIVE;
				CLANG_CXX_LANGUAGE_STANDARD = "gnu++0x";
				CLANG_CXX_LIBRARY = "libc++";
				CLANG_ENABLE_MODULES = YES;
				CLANG_ENABLE_OBJC_ARC = YES;
				CLANG_WARN_BOOL_CONVERSION = YES;
				CLANG_WARN_CONSTANT_CONVERSION = YES;
				CLANG_WARN_DIRECT_OBJC_ISA_USAGE = YES_ERROR;
				CLANG_WARN_DOCUMENTATION_COMMENTS = YES;
				CLANG_WARN_EMPTY_BODY = YES;
				CLANG_WARN_ENUM_CONVERSION = YES;
				CLANG_WARN_INFINITE_RECURSION = YES;
				CLANG_WARN_INT_CONVERSION = YES;
				CLANG_WARN_OBJC_ROOT_CLASS = YES_ERROR;
				CLANG_WARN_SUSPICIOUS_MOVE = YES;
				CLANG_WARN_UNREACHABLE_CODE = YES;
				CLANG_WARN__DUPLICATE_METHOD_MATCH = YES;
				"CODE_SIGN_IDENTITY[sdk=iphoneos*]" = "iPhone Developer";
				COPY_PHASE_STRIP = NO;
				DEBUG_INFORMATION_FORMAT = dwarf;
				ENABLE_STRICT_OBJC_MSGSEND = YES;
				ENABLE_TESTABILITY = YES;
				GCC_C_LANGUAGE_STANDARD = gnu99;
				GCC_DYNAMIC_NO_PIC = NO;
				GCC_NO_COMMON_BLOCKS = YES;
				GCC_OPTIMIZATION_LEVEL = 0;
				GCC_PREPROCESSOR_DEFINITIONS = (
					"DEBUG=1",
					"$(inherited)",
				);
				GCC_WARN_64_TO_32_BIT_CONVERSION = YES;
				GCC_WARN_ABOUT_RETURN_TYPE = YES_ERROR;
				GCC_WARN_UNDECLARED_SELECTOR = YES;
				GCC_WARN_UNINITIALIZED_AUTOS = YES_AGGRESSIVE;
				GCC_WARN_UNUSED_FUNCTION = YES;
				GCC_WARN_UNUSED_VARIABLE = YES;
				IPHONEOS_DEPLOYMENT_TARGET = 10.3;
				MTL_ENABLE_DEBUG_INFO = YES;
				ONLY_ACTIVE_ARCH = YES;
				SDKROOT = iphoneos;
				SWIFT_ACTIVE_COMPILATION_CONDITIONS = DEBUG;
				SWIFT_OPTIMIZATION_LEVEL = "-Onone";
			};
			name = Debug;
		};
		735845C11EDF2A7C0040E9CF /* Release */ = {
			isa = XCBuildConfiguration;
			buildSettings = {
				ALWAYS_SEARCH_USER_PATHS = NO;
				CLANG_ANALYZER_NONNULL = YES;
				CLANG_ANALYZER_NUMBER_OBJECT_CONVERSION = YES_AGGRESSIVE;
				CLANG_CXX_LANGUAGE_STANDARD = "gnu++0x";
				CLANG_CXX_LIBRARY = "libc++";
				CLANG_ENABLE_MODULES = YES;
				CLANG_ENABLE_OBJC_ARC = YES;
				CLANG_WARN_BOOL_CONVERSION = YES;
				CLANG_WARN_CONSTANT_CONVERSION = YES;
				CLANG_WARN_DIRECT_OBJC_ISA_USAGE = YES_ERROR;
				CLANG_WARN_DOCUMENTATION_COMMENTS = YES;
				CLANG_WARN_EMPTY_BODY = YES;
				CLANG_WARN_ENUM_CONVERSION = YES;
				CLANG_WARN_INFINITE_RECURSION = YES;
				CLANG_WARN_INT_CONVERSION = YES;
				CLANG_WARN_OBJC_ROOT_CLASS = YES_ERROR;
				CLANG_WARN_SUSPICIOUS_MOVE = YES;
				CLANG_WARN_UNREACHABLE_CODE = YES;
				CLANG_WARN__DUPLICATE_METHOD_MATCH = YES;
				"CODE_SIGN_IDENTITY[sdk=iphoneos*]" = "iPhone Developer";
				COPY_PHASE_STRIP = NO;
				DEBUG_INFORMATION_FORMAT = "dwarf-with-dsym";
				ENABLE_NS_ASSERTIONS = NO;
				ENABLE_STRICT_OBJC_MSGSEND = YES;
				GCC_C_LANGUAGE_STANDARD = gnu99;
				GCC_NO_COMMON_BLOCKS = YES;
				GCC_WARN_64_TO_32_BIT_CONVERSION = YES;
				GCC_WARN_ABOUT_RETURN_TYPE = YES_ERROR;
				GCC_WARN_UNDECLARED_SELECTOR = YES;
				GCC_WARN_UNINITIALIZED_AUTOS = YES_AGGRESSIVE;
				GCC_WARN_UNUSED_FUNCTION = YES;
				GCC_WARN_UNUSED_VARIABLE = YES;
				IPHONEOS_DEPLOYMENT_TARGET = 10.3;
				MTL_ENABLE_DEBUG_INFO = NO;
				SDKROOT = iphoneos;
				SWIFT_OPTIMIZATION_LEVEL = "-Owholemodule";
				VALIDATE_PRODUCT = YES;
			};
			name = Release;
		};
		735845C31EDF2A7C0040E9CF /* Debug */ = {
			isa = XCBuildConfiguration;
			buildSettings = {
				ASSETCATALOG_COMPILER_APPICON_NAME = AppIcon;
				INFOPLIST_FILE = CollectionView/Info.plist;
				LD_RUNPATH_SEARCH_PATHS = "$(inherited) @executable_path/Frameworks";
				PRODUCT_BUNDLE_IDENTIFIER = soso.CollectionView;
				PRODUCT_NAME = "$(TARGET_NAME)";
				SWIFT_VERSION = 3.0;
			};
			name = Debug;
		};
		735845C41EDF2A7C0040E9CF /* Release */ = {
			isa = XCBuildConfiguration;
			buildSettings = {
				ASSETCATALOG_COMPILER_APPICON_NAME = AppIcon;
				INFOPLIST_FILE = CollectionView/Info.plist;
				LD_RUNPATH_SEARCH_PATHS = "$(inherited) @executable_path/Frameworks";
				PRODUCT_BUNDLE_IDENTIFIER = soso.CollectionView;
				PRODUCT_NAME = "$(TARGET_NAME)";
				SWIFT_VERSION = 3.0;
			};
			name = Release;
		};
/* End XCBuildConfiguration section */

/* Begin XCConfigurationList section */
		735845AB1EDF2A7C0040E9CF /* Build configuration list for PBXProject "CollectionView" */ = {
			isa = XCConfigurationList;
			buildConfigurations = (
				735845C01EDF2A7C0040E9CF /* Debug */,
				735845C11EDF2A7C0040E9CF /* Release */,
			);
			defaultConfigurationIsVisible = 0;
			defaultConfigurationName = Release;
		};
		735845C21EDF2A7C0040E9CF /* Build configuration list for PBXNativeTarget "CollectionView" */ = {
			isa = XCConfigurationList;
			buildConfigurations = (
				735845C31EDF2A7C0040E9CF /* Debug */,
				735845C41EDF2A7C0040E9CF /* Release */,
			);
			defaultConfigurationIsVisible = 0;
			defaultConfigurationName = Release;
		};
/* End XCConfigurationList section */
	};
	rootObject = 735845A81EDF2A7C0040E9CF /* Project object */;
}
